
Microsoft Visual Studio Solution File, Format Version 12.00
# Visual Studio Version 16
VisualStudioVersion = 16.0.29306.81
MinimumVisualStudioVersion = 10.0.40219.1
Project("{9A19103F-16F7-4668-BE54-9A1E7A4F7556}") = "Disassembler", "Disassembler\Disassembler.csproj", "{269C1195-A76E-4C97-9301-F2688861B531}"
EndProject
Global
	GlobalSection(SolutionConfigurationPlatforms) = preSolution
		Debug|Any CPU = Debug|Any CPU
		Release|Any CPU = Release|Any CPU
	EndGlobalSection
	GlobalSection(ProjectConfigurationPlatforms) = postSolution
		{269C1195-A76E-4C97-9301-F2688861B531}.Debug|Any CPU.ActiveCfg = Debug|Any CPU
		{269C1195-A76E-4C97-9301-F2688861B531}.Debug|Any CPU.Build.0 = Debug|Any CPU
		{269C1195-A76E-4C97-9301-F2688861B531}.Release|Any CPU.ActiveCfg = Release|Any CPU
		{269C1195-A76E-4C97-9301-F2688861B531}.Release|Any CPU.Build.0 = Release|Any CPU
	EndGlobalSection
	GlobalSection(SolutionProperties) = preSolution
		HideSolutionNode = FALSE
	EndGlobalSection
	GlobalSection(ExtensibilityGlobals) = postSolution
		SolutionGuid = {286E6D64-9962-40E4-9800-B19347B026C2}
	EndGlobalSection
EndGlobal
